
Microsoft Visual Studio Solution File, Format Version 12.00
# Visual Studio Version 17
VisualStudioVersion = 17.0.31919.166
MinimumVisualStudioVersion = 10.0.40219.1
Project("{2150E333-8FDC-42A3-9474-1A3956D46DE8}") = "Services", "Services", "{34FB01D9-88EE-4445-BF3C-876F80656859}"
EndProject
Project("{2150E333-8FDC-42A3-9474-1A3956D46DE8}") = "Catalog", "Catalog", "{87DB890D-D79C-4575-96CC-4B3D85BB91C5}"
EndProject
Project("{9A19103F-16F7-4668-BE54-9A1E7A4F7556}") = "Catalog.API", "Services\Catalog\Catalog.API\Catalog.API.csproj", "{EA155701-D87D-4B02-B779-A28726C1C99A}"
EndProject
Project("{E53339B2-1760-4266-BCC7-CA923CBCF16C}") = "docker-compose", "docker-compose.dcproj", "{A9F7C249-0728-4B58-8E44-6EE2F33F7237}"
EndProject
Project("{2150E333-8FDC-42A3-9474-1A3956D46DE8}") = "Basket", "Basket", "{0F3F08AF-3B47-4A77-B3DE-70EBC83C9D30}"
EndProject
Project("{9A19103F-16F7-4668-BE54-9A1E7A4F7556}") = "Basket.API", "Services\Basket\Basket.API\Basket.API.csproj", "{0B78AEBE-D9E5-455C-9A8A-985D94FC7BBE}"
EndProject
Project("{2150E333-8FDC-42A3-9474-1A3956D46DE8}") = "Discount", "Discount", "{84CE9BA4-8DE7-41F4-AB75-082CC1B2AB48}"
EndProject
Project("{9A19103F-16F7-4668-BE54-9A1E7A4F7556}") = "Discount.API", "Services\Discount\Discount.API\Discount.API.csproj", "{E2EF503E-321B-4C12-80BD-0DF5C72EA7A8}"
EndProject
Project("{9A19103F-16F7-4668-BE54-9A1E7A4F7556}") = "Discount.Grpc", "Services\Discount\Discount.Grpc\Discount.Grpc.csproj", "{91BDC53A-F82C-49C8-9078-F7E90CB4D0DB}"
EndProject
Project("{2150E333-8FDC-42A3-9474-1A3956D46DE8}") = "Ordering", "Ordering", "{02A0476A-9A21-4E32-9226-144BF57C4C38}"
EndProject
Project("{9A19103F-16F7-4668-BE54-9A1E7A4F7556}") = "Ordering.API", "Services\Ordering\Ordering.API\Ordering.API.csproj", "{C52E1B11-D6DD-4FEF-BCA2-870DB901CD47}"
EndProject
Project("{9A19103F-16F7-4668-BE54-9A1E7A4F7556}") = "Ordering.Domain", "Services\Ordering\Ordering.Domain\Ordering.Domain.csproj", "{E8A660BA-76CA-4801-97AF-33D7A85C0BDA}"
EndProject
Project("{9A19103F-16F7-4668-BE54-9A1E7A4F7556}") = "Ordering.Application", "Services\Ordering\Ordering.Application\Ordering.Application.csproj", "{E01A6301-3102-43A0-A344-9040566D319E}"
EndProject
Project("{9A19103F-16F7-4668-BE54-9A1E7A4F7556}") = "Ordering.Infrastructure", "Services\Ordering\Ordering.Infrastructure\Ordering.Infrastructure.csproj", "{35CED6CC-7922-4233-A029-36511B9C6302}"
EndProject
Project("{2150E333-8FDC-42A3-9474-1A3956D46DE8}") = "BuildingBlocks", "BuildingBlocks", "{F3A286BA-A11A-4B2F-8CA5-338C1DE95208}"
EndProject
Project("{9A19103F-16F7-4668-BE54-9A1E7A4F7556}") = "EventBus.Message", "BuildingBlocks\EventBus.Message\EventBus.Message.csproj", "{6CBB7393-51D4-44BC-AE7E-8429B10E43B9}"
EndProject
Project("{2150E333-8FDC-42A3-9474-1A3956D46DE8}") = "APIGateways", "APIGateways", "{F7DCCB38-BB5D-4365-B4B3-4B1BC2FE0857}"
EndProject
Project("{FAE04EC0-301F-11D3-BF4B-00C04F79EFBC}") = "OcelotApiGateways", "APIGateways\OcelotApiGateways\OcelotApiGateways.csproj", "{F923548A-3BD1-4648-8011-F19E7F117330}"
EndProject
Project("{FAE04EC0-301F-11D3-BF4B-00C04F79EFBC}") = "Shopping.Aggregator", "APIGateways\Shopping.Aggregator\Shopping.Aggregator.csproj", "{B5A647FF-B7EF-4B0F-973A-BC88FE53E673}"
EndProject
Project("{2150E333-8FDC-42A3-9474-1A3956D46DE8}") = "WebApps", "WebApps", "{F8D9FA71-3836-4989-B8D4-E3249B2053AF}"
EndProject
Project("{FAE04EC0-301F-11D3-BF4B-00C04F79EFBC}") = "AspnetRunBasics", "WebApps\AspnetRunBasics\AspnetRunBasics.csproj", "{B2FD74C8-CBB6-4927-A18B-4B3ADE9DAAC6}"
EndProject
Global
	GlobalSection(SolutionConfigurationPlatforms) = preSolution
		Debug|Any CPU = Debug|Any CPU
		Release|Any CPU = Release|Any CPU
	EndGlobalSection
	GlobalSection(ProjectConfigurationPlatforms) = postSolution
		{EA155701-D87D-4B02-B779-A28726C1C99A}.Debug|Any CPU.ActiveCfg = Debug|Any CPU
		{EA155701-D87D-4B02-B779-A28726C1C99A}.Debug|Any CPU.Build.0 = Debug|Any CPU
		{EA155701-D87D-4B02-B779-A28726C1C99A}.Release|Any CPU.ActiveCfg = Release|Any CPU
		{EA155701-D87D-4B02-B779-A28726C1C99A}.Release|Any CPU.Build.0 = Release|Any CPU
		{A9F7C249-0728-4B58-8E44-6EE2F33F7237}.Debug|Any CPU.ActiveCfg = Debug|Any CPU
		{A9F7C249-0728-4B58-8E44-6EE2F33F7237}.Debug|Any CPU.Build.0 = Debug|Any CPU
		{A9F7C249-0728-4B58-8E44-6EE2F33F7237}.Release|Any CPU.ActiveCfg = Release|Any CPU
		{A9F7C249-0728-4B58-8E44-6EE2F33F7237}.Release|Any CPU.Build.0 = Release|Any CPU
		{0B78AEBE-D9E5-455C-9A8A-985D94FC7BBE}.Debug|Any CPU.ActiveCfg = Debug|Any CPU
		{0B78AEBE-D9E5-455C-9A8A-985D94FC7BBE}.Debug|Any CPU.Build.0 = Debug|Any CPU
		{0B78AEBE-D9E5-455C-9A8A-985D94FC7BBE}.Release|Any CPU.ActiveCfg = Release|Any CPU
		{0B78AEBE-D9E5-455C-9A8A-985D94FC7BBE}.Release|Any CPU.Build.0 = Release|Any CPU
		{E2EF503E-321B-4C12-80BD-0DF5C72EA7A8}.Debug|Any CPU.ActiveCfg = Debug|Any CPU
		{E2EF503E-321B-4C12-80BD-0DF5C72EA7A8}.Debug|Any CPU.Build.0 = Debug|Any CPU
		{E2EF503E-321B-4C12-80BD-0DF5C72EA7A8}.Release|Any CPU.ActiveCfg = Release|Any CPU
		{E2EF503E-321B-4C12-80BD-0DF5C72EA7A8}.Release|Any CPU.Build.0 = Release|Any CPU
		{91BDC53A-F82C-49C8-9078-F7E90CB4D0DB}.Debug|Any CPU.ActiveCfg = Debug|Any CPU
		{91BDC53A-F82C-49C8-9078-F7E90CB4D0DB}.Debug|Any CPU.Build.0 = Debug|Any CPU
		{91BDC53A-F82C-49C8-9078-F7E90CB4D0DB}.Release|Any CPU.ActiveCfg = Release|Any CPU
		{91BDC53A-F82C-49C8-9078-F7E90CB4D0DB}.Release|Any CPU.Build.0 = Release|Any CPU
		{C52E1B11-D6DD-4FEF-BCA2-870DB901CD47}.Debug|Any CPU.ActiveCfg = Debug|Any CPU
		{C52E1B11-D6DD-4FEF-BCA2-870DB901CD47}.Debug|Any CPU.Build.0 = Debug|Any CPU
		{C52E1B11-D6DD-4FEF-BCA2-870DB901CD47}.Release|Any CPU.ActiveCfg = Release|Any CPU
		{C52E1B11-D6DD-4FEF-BCA2-870DB901CD47}.Release|Any CPU.Build.0 = Release|Any CPU
		{E8A660BA-76CA-4801-97AF-33D7A85C0BDA}.Debug|Any CPU.ActiveCfg = Debug|Any CPU
		{E8A660BA-76CA-4801-97AF-33D7A85C0BDA}.Debug|Any CPU.Build.0 = Debug|Any CPU
		{E8A660BA-76CA-4801-97AF-33D7A85C0BDA}.Release|Any CPU.ActiveCfg = Release|Any CPU
		{E8A660BA-76CA-4801-97AF-33D7A85C0BDA}.Release|Any CPU.Build.0 = Release|Any CPU
		{E01A6301-3102-43A0-A344-9040566D319E}.Debug|Any CPU.ActiveCfg = Debug|Any CPU
		{E01A6301-3102-43A0-A344-9040566D319E}.Debug|Any CPU.Build.0 = Debug|Any CPU
		{E01A6301-3102-43A0-A344-9040566D319E}.Release|Any CPU.ActiveCfg = Release|Any CPU
		{E01A6301-3102-43A0-A344-9040566D319E}.Release|Any CPU.Build.0 = Release|Any CPU
		{35CED6CC-7922-4233-A029-36511B9C6302}.Debug|Any CPU.ActiveCfg = Debug|Any CPU
		{35CED6CC-7922-4233-A029-36511B9C6302}.Debug|Any CPU.Build.0 = Debug|Any CPU
		{35CED6CC-7922-4233-A029-36511B9C6302}.Release|Any CPU.ActiveCfg = Release|Any CPU
		{35CED6CC-7922-4233-A029-36511B9C6302}.Release|Any CPU.Build.0 = Release|Any CPU
		{6CBB7393-51D4-44BC-AE7E-8429B10E43B9}.Debug|Any CPU.ActiveCfg = Debug|Any CPU
		{6CBB7393-51D4-44BC-AE7E-8429B10E43B9}.Debug|Any CPU.Build.0 = Debug|Any CPU
		{6CBB7393-51D4-44BC-AE7E-8429B10E43B9}.Release|Any CPU.ActiveCfg = Release|Any CPU
		{6CBB7393-51D4-44BC-AE7E-8429B10E43B9}.Release|Any CPU.Build.0 = Release|Any CPU
		{F923548A-3BD1-4648-8011-F19E7F117330}.Debug|Any CPU.ActiveCfg = Debug|Any CPU
		{F923548A-3BD1-4648-8011-F19E7F117330}.Debug|Any CPU.Build.0 = Debug|Any CPU
		{F923548A-3BD1-4648-8011-F19E7F117330}.Release|Any CPU.ActiveCfg = Release|Any CPU
		{F923548A-3BD1-4648-8011-F19E7F117330}.Release|Any CPU.Build.0 = Release|Any CPU
		{B5A647FF-B7EF-4B0F-973A-BC88FE53E673}.Debug|Any CPU.ActiveCfg = Debug|Any CPU
		{B5A647FF-B7EF-4B0F-973A-BC88FE53E673}.Debug|Any CPU.Build.0 = Debug|Any CPU
		{B5A647FF-B7EF-4B0F-973A-BC88FE53E673}.Release|Any CPU.ActiveCfg = Release|Any CPU
		{B5A647FF-B7EF-4B0F-973A-BC88FE53E673}.Release|Any CPU.Build.0 = Release|Any CPU
		{B2FD74C8-CBB6-4927-A18B-4B3ADE9DAAC6}.Debug|Any CPU.ActiveCfg = Debug|Any CPU
		{B2FD74C8-CBB6-4927-A18B-4B3ADE9DAAC6}.Debug|Any CPU.Build.0 = Debug|Any CPU
		{B2FD74C8-CBB6-4927-A18B-4B3ADE9DAAC6}.Release|Any CPU.ActiveCfg = Release|Any CPU
		{B2FD74C8-CBB6-4927-A18B-4B3ADE9DAAC6}.Release|Any CPU.Build.0 = Release|Any CPU
	EndGlobalSection
	GlobalSection(SolutionProperties) = preSolution
		HideSolutionNode = FALSE
	EndGlobalSection
	GlobalSection(NestedProjects) = preSolution
		{87DB890D-D79C-4575-96CC-4B3D85BB91C5} = {34FB01D9-88EE-4445-BF3C-876F80656859}
		{EA155701-D87D-4B02-B779-A28726C1C99A} = {87DB890D-D79C-4575-96CC-4B3D85BB91C5}
		{0F3F08AF-3B47-4A77-B3DE-70EBC83C9D30} = {34FB01D9-88EE-4445-BF3C-876F80656859}
		{0B78AEBE-D9E5-455C-9A8A-985D94FC7BBE} = {0F3F08AF-3B47-4A77-B3DE-70EBC83C9D30}
		{84CE9BA4-8DE7-41F4-AB75-082CC1B2AB48} = {34FB01D9-88EE-4445-BF3C-876F80656859}
		{E2EF503E-321B-4C12-80BD-0DF5C72EA7A8} = {84CE9BA4-8DE7-41F4-AB75-082CC1B2AB48}
		{91BDC53A-F82C-49C8-9078-F7E90CB4D0DB} = {84CE9BA4-8DE7-41F4-AB75-082CC1B2AB48}
		{02A0476A-9A21-4E32-9226-144BF57C4C38} = {34FB01D9-88EE-4445-BF3C-876F80656859}
		{C52E1B11-D6DD-4FEF-BCA2-870DB901CD47} = {02A0476A-9A21-4E32-9226-144BF57C4C38}
		{E8A660BA-76CA-4801-97AF-33D7A85C0BDA} = {02A0476A-9A21-4E32-9226-144BF57C4C38}
		{E01A6301-3102-43A0-A344-9040566D319E} = {02A0476A-9A21-4E32-9226-144BF57C4C38}
		{35CED6CC-7922-4233-A029-36511B9C6302} = {02A0476A-9A21-4E32-9226-144BF57C4C38}
		{6CBB7393-51D4-44BC-AE7E-8429B10E43B9} = {F3A286BA-A11A-4B2F-8CA5-338C1DE95208}
		{F923548A-3BD1-4648-8011-F19E7F117330} = {F7DCCB38-BB5D-4365-B4B3-4B1BC2FE0857}
		{B5A647FF-B7EF-4B0F-973A-BC88FE53E673} = {F7DCCB38-BB5D-4365-B4B3-4B1BC2FE0857}
		{B2FD74C8-CBB6-4927-A18B-4B3ADE9DAAC6} = {F8D9FA71-3836-4989-B8D4-E3249B2053AF}
	EndGlobalSection
	GlobalSection(ExtensibilityGlobals) = postSolution
		SolutionGuid = {1768E95E-ADFE-48D7-A7BF-EA8CCCC36A7F}
	EndGlobalSection
EndGlobal
