
Microsoft Visual Studio Solution File, Format Version 12.00
# Visual Studio Version 17
VisualStudioVersion = 17.0.31919.166
MinimumVisualStudioVersion = 10.0.40219.1
Project("{2150E333-8FDC-42A3-9474-1A3956D46DE8}") = "Services", "Services", "{34FB01D9-88EE-4445-BF3C-876F80656859}"
EndProject
Project("{2150E333-8FDC-42A3-9474-1A3956D46DE8}") = "Catalog", "Catalog", "{87DB890D-D79C-4575-96CC-4B3D85BB91C5}"
EndProject
Project("{9A19103F-16F7-4668-BE54-9A1E7A4F7556}") = "Catalog.API", "Services\Catalog\Catalog.API\Catalog.API.csproj", "{EA155701-D87D-4B02-B779-A28726C1C99A}"
EndProject
Project("{E53339B2-1760-4266-BCC7-CA923CBCF16C}") = "docker-compose", "docker-compose.dcproj", "{A9F7C249-0728-4B58-8E44-6EE2F33F7237}"
EndProject
Project("{2150E333-8FDC-42A3-9474-1A3956D46DE8}") = "Basket", "Basket", "{0F3F08AF-3B47-4A77-B3DE-70EBC83C9D30}"
EndProject
Project("{9A19103F-16F7-4668-BE54-9A1E7A4F7556}") = "Basket.API", "Services\Basket\Basket.API\Basket.API.csproj", "{0B78AEBE-D9E5-455C-9A8A-985D94FC7BBE}"
EndProject
Project("{2150E333-8FDC-42A3-9474-1A3956D46DE8}") = "Discount", "Discount", "{FAD40350-92CD-45A2-B9E1-F7A45B534D06}"
EndProject
Project("{FAE04EC0-301F-11D3-BF4B-00C04F79EFBC}") = "Discount.API", "Services\Discount\Discount.API\Discount.API.csproj", "{F4F4D12C-5076-42EB-9181-7B34E10F8ABD}"
EndProject
Global
	GlobalSection(SolutionConfigurationPlatforms) = preSolution
		Debug|Any CPU = Debug|Any CPU
		Release|Any CPU = Release|Any CPU
	EndGlobalSection
	GlobalSection(ProjectConfigurationPlatforms) = postSolution
		{EA155701-D87D-4B02-B779-A28726C1C99A}.Debug|Any CPU.ActiveCfg = Debug|Any CPU
		{EA155701-D87D-4B02-B779-A28726C1C99A}.Debug|Any CPU.Build.0 = Debug|Any CPU
		{EA155701-D87D-4B02-B779-A28726C1C99A}.Release|Any CPU.ActiveCfg = Release|Any CPU
		{EA155701-D87D-4B02-B779-A28726C1C99A}.Release|Any CPU.Build.0 = Release|Any CPU
		{A9F7C249-0728-4B58-8E44-6EE2F33F7237}.Debug|Any CPU.ActiveCfg = Debug|Any CPU
		{A9F7C249-0728-4B58-8E44-6EE2F33F7237}.Debug|Any CPU.Build.0 = Debug|Any CPU
		{A9F7C249-0728-4B58-8E44-6EE2F33F7237}.Release|Any CPU.ActiveCfg = Release|Any CPU
		{A9F7C249-0728-4B58-8E44-6EE2F33F7237}.Release|Any CPU.Build.0 = Release|Any CPU
		{0B78AEBE-D9E5-455C-9A8A-985D94FC7BBE}.Debug|Any CPU.ActiveCfg = Debug|Any CPU
		{0B78AEBE-D9E5-455C-9A8A-985D94FC7BBE}.Debug|Any CPU.Build.0 = Debug|Any CPU
		{0B78AEBE-D9E5-455C-9A8A-985D94FC7BBE}.Release|Any CPU.ActiveCfg = Release|Any CPU
		{0B78AEBE-D9E5-455C-9A8A-985D94FC7BBE}.Release|Any CPU.Build.0 = Release|Any CPU
		{F4F4D12C-5076-42EB-9181-7B34E10F8ABD}.Debug|Any CPU.ActiveCfg = Debug|Any CPU
		{F4F4D12C-5076-42EB-9181-7B34E10F8ABD}.Debug|Any CPU.Build.0 = Debug|Any CPU
		{F4F4D12C-5076-42EB-9181-7B34E10F8ABD}.Release|Any CPU.ActiveCfg = Release|Any CPU
		{F4F4D12C-5076-42EB-9181-7B34E10F8ABD}.Release|Any CPU.Build.0 = Release|Any CPU
	EndGlobalSection
	GlobalSection(SolutionProperties) = preSolution
		HideSolutionNode = FALSE
	EndGlobalSection
	GlobalSection(NestedProjects) = preSolution
		{87DB890D-D79C-4575-96CC-4B3D85BB91C5} = {34FB01D9-88EE-4445-BF3C-876F80656859}
		{EA155701-D87D-4B02-B779-A28726C1C99A} = {87DB890D-D79C-4575-96CC-4B3D85BB91C5}
		{0F3F08AF-3B47-4A77-B3DE-70EBC83C9D30} = {34FB01D9-88EE-4445-BF3C-876F80656859}
		{0B78AEBE-D9E5-455C-9A8A-985D94FC7BBE} = {0F3F08AF-3B47-4A77-B3DE-70EBC83C9D30}
		{FAD40350-92CD-45A2-B9E1-F7A45B534D06} = {34FB01D9-88EE-4445-BF3C-876F80656859}
		{F4F4D12C-5076-42EB-9181-7B34E10F8ABD} = {FAD40350-92CD-45A2-B9E1-F7A45B534D06}
	EndGlobalSection
	GlobalSection(ExtensibilityGlobals) = postSolution
		SolutionGuid = {1768E95E-ADFE-48D7-A7BF-EA8CCCC36A7F}
	EndGlobalSection
EndGlobal
